
Microsoft Visual Studio Solution File, Format Version 12.00
# Visual Studio Version 17
VisualStudioVersion = 17.5.33502.453
MinimumVisualStudioVersion = 10.0.40219.1
Project("{FAE04EC0-301F-11D3-BF4B-00C04F79EFBC}") = "ExercicioExplicacao01", "ExercicioExplicacao01\ExercicioExplicacao01.csproj", "{E537E289-410C-4D0C-A411-DBAA3DA5A5C9}"
EndProject
Global
	GlobalSection(SolutionConfigurationPlatforms) = preSolution
		Debug|Any CPU = Debug|Any CPU
		Release|Any CPU = Release|Any CPU
	EndGlobalSection
	GlobalSection(ProjectConfigurationPlatforms) = postSolution
		{E537E289-410C-4D0C-A411-DBAA3DA5A5C9}.Debug|Any CPU.ActiveCfg = Debug|Any CPU
		{E537E289-410C-4D0C-A411-DBAA3DA5A5C9}.Debug|Any CPU.Build.0 = Debug|Any CPU
		{E537E289-410C-4D0C-A411-DBAA3DA5A5C9}.Release|Any CPU.ActiveCfg = Release|Any CPU
		{E537E289-410C-4D0C-A411-DBAA3DA5A5C9}.Release|Any CPU.Build.0 = Release|Any CPU
	EndGlobalSection
	GlobalSection(SolutionProperties) = preSolution
		HideSolutionNode = FALSE
	EndGlobalSection
	GlobalSection(ExtensibilityGlobals) = postSolution
		SolutionGuid = {77B24254-3B85-458B-89D1-DAA692D0467C}
	EndGlobalSection
EndGlobal
