
Microsoft Visual Studio Solution File, Format Version 12.00
# Visual Studio Version 17
VisualStudioVersion = 17.5.33502.453
MinimumVisualStudioVersion = 10.0.40219.1
Project("{FAE04EC0-301F-11D3-BF4B-00C04F79EFBC}") = "ExercicioPropostoClassesMetodosAbstratos", "ExercicioPropostoClassesMetodosAbstratos\ExercicioPropostoClassesMetodosAbstratos.csproj", "{06C8C712-79E2-4F7F-9244-97C16CACC230}"
EndProject
Global
	GlobalSection(SolutionConfigurationPlatforms) = preSolution
		Debug|Any CPU = Debug|Any CPU
		Release|Any CPU = Release|Any CPU
	EndGlobalSection
	GlobalSection(ProjectConfigurationPlatforms) = postSolution
		{06C8C712-79E2-4F7F-9244-97C16CACC230}.Debug|Any CPU.ActiveCfg = Debug|Any CPU
		{06C8C712-79E2-4F7F-9244-97C16CACC230}.Debug|Any CPU.Build.0 = Debug|Any CPU
		{06C8C712-79E2-4F7F-9244-97C16CACC230}.Release|Any CPU.ActiveCfg = Release|Any CPU
		{06C8C712-79E2-4F7F-9244-97C16CACC230}.Release|Any CPU.Build.0 = Release|Any CPU
	EndGlobalSection
	GlobalSection(SolutionProperties) = preSolution
		HideSolutionNode = FALSE
	EndGlobalSection
	GlobalSection(ExtensibilityGlobals) = postSolution
		SolutionGuid = {B0F9250B-EE5E-4531-8289-388A99B3206C}
	EndGlobalSection
EndGlobal
